
Microsoft Visual Studio Solution File, Format Version 12.00
# Visual Studio Version 17
VisualStudioVersion = 17.7.34202.233
MinimumVisualStudioVersion = 10.0.40219.1
Project("{FAE04EC0-301F-11D3-BF4B-00C04F79EFBC}") = "DictionaryHomework", "DictionaryHomework\DictionaryHomework.csproj", "{1B23A4E0-546B-48EF-B88B-2CA3D75A1F8F}"
EndProject
Global
	GlobalSection(SolutionConfigurationPlatforms) = preSolution
		Debug|Any CPU = Debug|Any CPU
		Release|Any CPU = Release|Any CPU
	EndGlobalSection
	GlobalSection(ProjectConfigurationPlatforms) = postSolution
		{1B23A4E0-546B-48EF-B88B-2CA3D75A1F8F}.Debug|Any CPU.ActiveCfg = Debug|Any CPU
		{1B23A4E0-546B-48EF-B88B-2CA3D75A1F8F}.Debug|Any CPU.Build.0 = Debug|Any CPU
		{1B23A4E0-546B-48EF-B88B-2CA3D75A1F8F}.Release|Any CPU.ActiveCfg = Release|Any CPU
		{1B23A4E0-546B-48EF-B88B-2CA3D75A1F8F}.Release|Any CPU.Build.0 = Release|Any CPU
	EndGlobalSection
	GlobalSection(SolutionProperties) = preSolution
		HideSolutionNode = FALSE
	EndGlobalSection
	GlobalSection(ExtensibilityGlobals) = postSolution
		SolutionGuid = {990C5CF7-DE59-4919-8DBF-D7DC41D99704}
	EndGlobalSection
EndGlobal
